
Microsoft Visual Studio Solution File, Format Version 12.00
# Visual Studio Version 17
VisualStudioVersion = 17.3.32825.248
MinimumVisualStudioVersion = 10.0.40219.1
Project("{FAE04EC0-301F-11D3-BF4B-00C04F79EFBC}") = "Airstrike", "Airstrike.csproj", "{CADDB903-9069-4EE4-9F1E-31E74C2C95B2}"
EndProject
Global
	GlobalSection(SolutionConfigurationPlatforms) = preSolution
		Debug|Any CPU = Debug|Any CPU
		Release|Any CPU = Release|Any CPU
	EndGlobalSection
	GlobalSection(ProjectConfigurationPlatforms) = postSolution
		{CADDB903-9069-4EE4-9F1E-31E74C2C95B2}.Debug|Any CPU.ActiveCfg = Debug|Any CPU
		{CADDB903-9069-4EE4-9F1E-31E74C2C95B2}.Debug|Any CPU.Build.0 = Debug|Any CPU
		{CADDB903-9069-4EE4-9F1E-31E74C2C95B2}.Release|Any CPU.ActiveCfg = Release|Any CPU
		{CADDB903-9069-4EE4-9F1E-31E74C2C95B2}.Release|Any CPU.Build.0 = Release|Any CPU
	EndGlobalSection
	GlobalSection(SolutionProperties) = preSolution
		HideSolutionNode = FALSE
	EndGlobalSection
	GlobalSection(ExtensibilityGlobals) = postSolution
		SolutionGuid = {7DE0BBF1-564F-47FB-A701-5107980974A2}
	EndGlobalSection
EndGlobal
